
Microsoft Visual Studio Solution File, Format Version 12.00
# Visual Studio Version 17
VisualStudioVersion = 17.6.33815.320
MinimumVisualStudioVersion = 10.0.40219.1
Project("{FAE04EC0-301F-11D3-BF4B-00C04F79EFBC}") = "ObjectOrientedProgramming", "ObjectOrientedProgramming.csproj", "{E6DA6AD0-6ECA-4BAA-9A90-32A4535118A7}"
EndProject
Global
	GlobalSection(SolutionConfigurationPlatforms) = preSolution
		Debug|Any CPU = Debug|Any CPU
		Release|Any CPU = Release|Any CPU
	EndGlobalSection
	GlobalSection(ProjectConfigurationPlatforms) = postSolution
		{E6DA6AD0-6ECA-4BAA-9A90-32A4535118A7}.Debug|Any CPU.ActiveCfg = Debug|Any CPU
		{E6DA6AD0-6ECA-4BAA-9A90-32A4535118A7}.Debug|Any CPU.Build.0 = Debug|Any CPU
		{E6DA6AD0-6ECA-4BAA-9A90-32A4535118A7}.Release|Any CPU.ActiveCfg = Release|Any CPU
		{E6DA6AD0-6ECA-4BAA-9A90-32A4535118A7}.Release|Any CPU.Build.0 = Release|Any CPU
	EndGlobalSection
	GlobalSection(SolutionProperties) = preSolution
		HideSolutionNode = FALSE
	EndGlobalSection
	GlobalSection(ExtensibilityGlobals) = postSolution
		SolutionGuid = {411E51BB-7688-43A3-ACB7-2D0FFDEDA4E9}
	EndGlobalSection
EndGlobal
